{
  "name": "i-vant",
  "version": "1.0.0",
  "lockfileVersion": 1,
  "requires": true,
  "dependencies": {
    "mp-photo-album": {
      "version": "1.1.9",
      "resolved": "https://registry.npmjs.org/mp-photo-album/-/mp-photo-album-1.1.9.tgz",
      "integrity": "sha512-dcJcdBzQ+0ma2LCIFk9vEAqMoRkrADT9K/0CsK/CxXZk+cAcamYvd2j7zpf8Gk2kMGm5TFPXia5hYCycXSN9ug=="
    },
    "rgbaster": {
      "version": "2.1.1",
      "resolved": "https://registry.npmjs.org/rgbaster/-/rgbaster-2.1.1.tgz",
      "integrity": "sha512-vUQI+ldMMSGXEbWtqb/6aqLY1LHc33OtXg2Q9S0TCxzt2KxGncRJB6dk860KzhWTjms+Fz4wkxrJu8MlCrFpYg=="
    },
    "vant-weapp": {
      "version": "0.5.6",
      "resolved": "https://registry.npmjs.org/vant-weapp/-/vant-weapp-0.5.6.tgz",
      "integrity": "sha512-hJyTRlc9DBqd/6mMExtKahfCPQSETiYokH/cuu2h2lGe6CVq9CiwdGHAnQqSahHIWFKKIs+V5S8IrumdJlxN2w=="
    }
  }
}
